schema: '2.0'
stages:
  load_data:
    cmd: python src/load_data.py --config=params.yaml
    deps:
    - path: data_given/winequality.csv
      md5: ccc8d3507eb151f53f760d36abdef888
      size: 91998
    - path: src/get_data.py
      md5: f8a370d990b6ba38daf440fe31e2015a
      size: 783
    - path: src/load_data.py
      md5: 0cc7568d452e9d3df8e263ff82378a53
      size: 691
    outs:
    - path: data/raw/winequality.csv
      md5: d98e8f2eca228c11c4de1cc96866a54d
      size: 93598
